{
  "originHash" : "54fd31d952b91fcc03067f9680b53db7d7b8554da1d54d6ad2ef57de68197f16",
  "pins" : [
    {
      "identity" : "nuke",
      "kind" : "remoteSourceControl",
      "location" : "https://github.com/kean/Nuke",
      "state" : {
        "branch" : "main",
        "revision" : "a30faed641d958162898f45b66051e9f38a6957c"
      }
    }
  ],
  "version" : 3
}
